
Microsoft Visual Studio Solution File, Format Version 12.00
# Visual Studio 2017
Project("{FAE04EC0-301F-11D3-BF4B-00C04F79EFBC}") = "Shmup 2.0", "Shmup 2.0.csproj", "{408F1001-2118-BF11-1C21-0375EEB04FFD}"
EndProject
Global
	GlobalSection(SolutionConfigurationPlatforms) = preSolution
		Debug|Any CPU = Debug|Any CPU
		Release|Any CPU = Release|Any CPU
	EndGlobalSection
	GlobalSection(ProjectConfigurationPlatforms) = postSolution
		{408F1001-2118-BF11-1C21-0375EEB04FFD}.Debug|Any CPU.ActiveCfg = Debug|Any CPU
		{408F1001-2118-BF11-1C21-0375EEB04FFD}.Debug|Any CPU.Build.0 = Debug|Any CPU
		{408F1001-2118-BF11-1C21-0375EEB04FFD}.Release|Any CPU.ActiveCfg = Release|Any CPU
		{408F1001-2118-BF11-1C21-0375EEB04FFD}.Release|Any CPU.Build.0 = Release|Any CPU
	EndGlobalSection
	GlobalSection(SolutionProperties) = preSolution
		HideSolutionNode = FALSE
	EndGlobalSection
EndGlobal
